// !$*UTF8*$!
{
	archiveVersion = 1;
	classes = {
	};
	objectVersion = 77;
	objects = {

/* Begin PBXBuildFile section */
		43DD71482E9F19B60066E06C /* DeviceActivity.framework in Frameworks */ = {isa = PBXBuildFile; fileRef = 43DD71472E9F19B60066E06C /* DeviceActivity.framework */; };
		43DD714A2E9F19C20066E06C /* FamilyControls.framework in Frameworks */ = {isa = PBXBuildFile; fileRef = 43DD71492E9F19C20066E06C /* FamilyControls.framework */; };
/* End PBXBuildFile section */

/* Begin PBXContainerItemProxy section */
		436830282E9F172B0058C9C1 /* PBXContainerItemProxy */ = {
			isa = PBXContainerItemProxy;
			containerPortal = 4368300B2E9F172A0058C9C1 /* Project object */;
			proxyType = 1;
			remoteGlobalIDString = 436830122E9F172A0058C9C1;
			remoteInfo = ScreenTimeRewards;
		};
		436830322E9F172B0058C9C1 /* PBXContainerItemProxy */ = {
			isa = PBXContainerItemProxy;
			containerPortal = 4368300B2E9F172A0058C9C1 /* Project object */;
			proxyType = 1;
			remoteGlobalIDString = 436830122E9F172A0058C9C1;
			remoteInfo = ScreenTimeRewards;
		};
/* End PBXContainerItemProxy section */

/* Begin PBXFileReference section */
		436830132E9F172A0058C9C1 /* ScreenTimeRewards.app */ = {isa = PBXFileReference; explicitFileType = wrapper.application; includeInIndex = 0; path = ScreenTimeRewards.app; sourceTree = BUILT_PRODUCTS_DIR; };
		436830272E9F172B0058C9C1 /* ScreenTimeRewardsTests.xctest */ = {isa = PBXFileReference; explicitFileType = wrapper.cfbundle; includeInIndex = 0; path = ScreenTimeRewardsTests.xctest; sourceTree = BUILT_PRODUCTS_DIR; };
		436830312E9F172B0058C9C1 /* ScreenTimeRewardsUITests.xctest */ = {isa = PBXFileReference; explicitFileType = wrapper.cfbundle; includeInIndex = 0; path = ScreenTimeRewardsUITests.xctest; sourceTree = BUILT_PRODUCTS_DIR; };
		43DD71472E9F19B60066E06C /* DeviceActivity.framework */ = {isa = PBXFileReference; lastKnownFileType = wrapper.framework; name = DeviceActivity.framework; path = System/Library/Frameworks/DeviceActivity.framework; sourceTree = SDKROOT; };
		43DD71492E9F19C20066E06C /* FamilyControls.framework */ = {isa = PBXFileReference; lastKnownFileType = wrapper.framework; name = FamilyControls.framework; path = System/Library/Frameworks/FamilyControls.framework; sourceTree = SDKROOT; };
/* End PBXFileReference section */

/* Begin PBXFileSystemSynchronizedBuildFileExceptionSet section */
		436830392E9F172B0058C9C1 /* Exceptions for "ScreenTimeRewards" folder in "ScreenTimeRewards" target */ = {
			isa = PBXFileSystemSynchronizedBuildFileExceptionSet;
			membershipExceptions = (
				Info.plist,
			);
			target = 436830122E9F172A0058C9C1 /* ScreenTimeRewards */;
		};
/* End PBXFileSystemSynchronizedBuildFileExceptionSet section */

/* Begin PBXFileSystemSynchronizedRootGroup section */
		436830152E9F172A0058C9C1 /* ScreenTimeRewards */ = {
			isa = PBXFileSystemSynchronizedRootGroup;
			exceptions = (
				436830392E9F172B0058C9C1 /* Exceptions for "ScreenTimeRewards" folder in "ScreenTimeRewards" target */,
			);
			path = ScreenTimeRewards;
			sourceTree = "<group>";
		};
		4368302A2E9F172B0058C9C1 /* ScreenTimeRewardsTests */ = {
			isa = PBXFileSystemSynchronizedRootGroup;
			path = ScreenTimeRewardsTests;
			sourceTree = "<group>";
		};
		436830342E9F172B0058C9C1 /* ScreenTimeRewardsUITests */ = {
			isa = PBXFileSystemSynchronizedRootGroup;
			path = ScreenTimeRewardsUITests;
			sourceTree = "<group>";
		};
/* End PBXFileSystemSynchronizedRootGroup section */

/* Begin PBXFrameworksBuildPhase section */
		436830102E9F172A0058C9C1 /* Frameworks */ = {
			isa = PBXFrameworksBuildPhase;
			buildActionMask = 2147483647;
			files = (
				43DD714A2E9F19C20066E06C /* FamilyControls.framework in Frameworks */,
				43DD71482E9F19B60066E06C /* DeviceActivity.framework in Frameworks */,
			);
			runOnlyForDeploymentPostprocessing = 0;
		};
		436830242E9F172B0058C9C1 /* Frameworks */ = {
			isa = PBXFrameworksBuildPhase;
			buildActionMask = 2147483647;
			files = (
			);
			runOnlyForDeploymentPostprocessing = 0;
		};
		4368302E2E9F172B0058C9C1 /* Frameworks */ = {
			isa = PBXFrameworksBuildPhase;
			buildActionMask = 2147483647;
			files = (
			);
			runOnlyForDeploymentPostprocessing = 0;
		};
/* End PBXFrameworksBuildPhase section */

/* Begin PBXGroup section */
		4368300A2E9F172A0058C9C1 = {
			isa = PBXGroup;
			children = (
				436830152E9F172A0058C9C1 /* ScreenTimeRewards */,
				4368302A2E9F172B0058C9C1 /* ScreenTimeRewardsTests */,
				436830342E9F172B0058C9C1 /* ScreenTimeRewardsUITests */,
				43DD71462E9F19B60066E06C /* Frameworks */,
				436830142E9F172A0058C9C1 /* Products */,
			);
			sourceTree = "<group>";
		};
		436830142E9F172A0058C9C1 /* Products */ = {
			isa = PBXGroup;
			children = (
				436830132E9F172A0058C9C1 /* ScreenTimeRewards.app */,
				436830272E9F172B0058C9C1 /* ScreenTimeRewardsTests.xctest */,
				436830312E9F172B0058C9C1 /* ScreenTimeRewardsUITests.xctest */,
			);
			name = Products;
			sourceTree = "<group>";
		};
		43DD71462E9F19B60066E06C /* Frameworks */ = {
			isa = PBXGroup;
			children = (
				43DD71492E9F19C20066E06C /* FamilyControls.framework */,
				43DD71472E9F19B60066E06C /* DeviceActivity.framework */,
			);
			name = Frameworks;
			sourceTree = "<group>";
		};
/* End PBXGroup section */

/* Begin PBXNativeTarget section */
		436830122E9F172A0058C9C1 /* ScreenTimeRewards */ = {
			isa = PBXNativeTarget;
			buildConfigurationList = 4368303A2E9F172B0058C9C1 /* Build configuration list for PBXNativeTarget "ScreenTimeRewards" */;
			buildPhases = (
				4368300F2E9F172A0058C9C1 /* Sources */,
				436830102E9F172A0058C9C1 /* Frameworks */,
				436830112E9F172A0058C9C1 /* Resources */,
			);
			buildRules = (
			);
			dependencies = (
			);
			fileSystemSynchronizedGroups = (
				436830152E9F172A0058C9C1 /* ScreenTimeRewards */,
			);
			name = ScreenTimeRewards;
			packageProductDependencies = (
			);
			productName = ScreenTimeRewards;
			productReference = 436830132E9F172A0058C9C1 /* ScreenTimeRewards.app */;
			productType = "com.apple.product-type.application";
		};
		436830262E9F172B0058C9C1 /* ScreenTimeRewardsTests */ = {
			isa = PBXNativeTarget;
			buildConfigurationList = 4368303F2E9F172B0058C9C1 /* Build configuration list for PBXNativeTarget "ScreenTimeRewardsTests" */;
			buildPhases = (
				436830232E9F172B0058C9C1 /* Sources */,
				436830242E9F172B0058C9C1 /* Frameworks */,
				436830252E9F172B0058C9C1 /* Resources */,
			);
			buildRules = (
			);
			dependencies = (
				436830292E9F172B0058C9C1 /* PBXTargetDependency */,
			);
			fileSystemSynchronizedGroups = (
				4368302A2E9F172B0058C9C1 /* ScreenTimeRewardsTests */,
			);
			name = ScreenTimeRewardsTests;
			packageProductDependencies = (
			);
			productName = ScreenTimeRewardsTests;
			productReference = 436830272E9F172B0058C9C1 /* ScreenTimeRewardsTests.xctest */;
			productType = "com.apple.product-type.bundle.unit-test";
		};
		436830302E9F172B0058C9C1 /* ScreenTimeRewardsUITests */ = {
			isa = PBXNativeTarget;
			buildConfigurationList = 436830422E9F172B0058C9C1 /* Build configuration list for PBXNativeTarget "ScreenTimeRewardsUITests" */;
			buildPhases = (
				4368302D2E9F172B0058C9C1 /* Sources */,
				4368302E2E9F172B0058C9C1 /* Frameworks */,
				4368302F2E9F172B0058C9C1 /* Resources */,
			);
			buildRules = (
			);
			dependencies = (
				436830332E9F172B0058C9C1 /* PBXTargetDependency */,
			);
			fileSystemSynchronizedGroups = (
				436830342E9F172B0058C9C1 /* ScreenTimeRewardsUITests */,
			);
			name = ScreenTimeRewardsUITests;
			packageProductDependencies = (
			);
			productName = ScreenTimeRewardsUITests;
			productReference = 436830312E9F172B0058C9C1 /* ScreenTimeRewardsUITests.xctest */;
			productType = "com.apple.product-type.bundle.ui-testing";
		};
/* End PBXNativeTarget section */

/* Begin PBXProject section */
		4368300B2E9F172A0058C9C1 /* Project object */ = {
			isa = PBXProject;
			attributes = {
				BuildIndependentTargetsInParallel = 1;
				LastSwiftUpdateCheck = 2600;
				LastUpgradeCheck = 2600;
				TargetAttributes = {
					436830122E9F172A0058C9C1 = {
						CreatedOnToolsVersion = 26.0.1;
					};
					436830262E9F172B0058C9C1 = {
						CreatedOnToolsVersion = 26.0.1;
						TestTargetID = 436830122E9F172A0058C9C1;
					};
					436830302E9F172B0058C9C1 = {
						CreatedOnToolsVersion = 26.0.1;
						TestTargetID = 436830122E9F172A0058C9C1;
					};
				};
			};
			buildConfigurationList = 4368300E2E9F172A0058C9C1 /* Build configuration list for PBXProject "ScreenTimeRewards" */;
			developmentRegion = en;
			hasScannedForEncodings = 0;
			knownRegions = (
				en,
				Base,
			);
			mainGroup = 4368300A2E9F172A0058C9C1;
			minimizedProjectReferenceProxies = 1;
			preferredProjectObjectVersion = 77;
			productRefGroup = 436830142E9F172A0058C9C1 /* Products */;
			projectDirPath = "";
			projectRoot = "";
			targets = (
				436830122E9F172A0058C9C1 /* ScreenTimeRewards */,
				436830262E9F172B0058C9C1 /* ScreenTimeRewardsTests */,
				436830302E9F172B0058C9C1 /* ScreenTimeRewardsUITests */,
			);
		};
/* End PBXProject section */

/* Begin PBXResourcesBuildPhase section */
		436830112E9F172A0058C9C1 /* Resources */ = {
			isa = PBXResourcesBuildPhase;
			buildActionMask = 2147483647;
			files = (
			);
			runOnlyForDeploymentPostprocessing = 0;
		};
		436830252E9F172B0058C9C1 /* Resources */ = {
			isa = PBXResourcesBuildPhase;
			buildActionMask = 2147483647;
			files = (
			);
			runOnlyForDeploymentPostprocessing = 0;
		};
		4368302F2E9F172B0058C9C1 /* Resources */ = {
			isa = PBXResourcesBuildPhase;
			buildActionMask = 2147483647;
			files = (
			);
			runOnlyForDeploymentPostprocessing = 0;
		};
/* End PBXResourcesBuildPhase section */

/* Begin PBXSourcesBuildPhase section */
		4368300F2E9F172A0058C9C1 /* Sources */ = {
			isa = PBXSourcesBuildPhase;
			buildActionMask = 2147483647;
			files = (
			);
			runOnlyForDeploymentPostprocessing = 0;
		};
		436830232E9F172B0058C9C1 /* Sources */ = {
			isa = PBXSourcesBuildPhase;
			buildActionMask = 2147483647;
			files = (
			);
			runOnlyForDeploymentPostprocessing = 0;
		};
		4368302D2E9F172B0058C9C1 /* Sources */ = {
			isa = PBXSourcesBuildPhase;
			buildActionMask = 2147483647;
			files = (
			);
			runOnlyForDeploymentPostprocessing = 0;
		};
/* End PBXSourcesBuildPhase section */

/* Begin PBXTargetDependency section */
		436830292E9F172B0058C9C1 /* PBXTargetDependency */ = {
			isa = PBXTargetDependency;
			target = 436830122E9F172A0058C9C1 /* ScreenTimeRewards */;
			targetProxy = 436830282E9F172B0058C9C1 /* PBXContainerItemProxy */;
		};
		436830332E9F172B0058C9C1 /* PBXTargetDependency */ = {
			isa = PBXTargetDependency;
			target = 436830122E9F172A0058C9C1 /* ScreenTimeRewards */;
			targetProxy = 436830322E9F172B0058C9C1 /* PBXContainerItemProxy */;
		};
/* End PBXTargetDependency section */

/* Begin XCBuildConfiguration section */
		4368303B2E9F172B0058C9C1 /* Debug */ = {
			isa = XCBuildConfiguration;
			buildSettings = {
				ASSETCATALOG_COMPILER_APPICON_NAME = AppIcon;
				ASSETCATALOG_COMPILER_GLOBAL_ACCENT_COLOR_NAME = AccentColor;
				CODE_SIGN_ENTITLEMENTS = ScreenTimeRewards/ScreenTimeRewards.entitlements;
				CODE_SIGN_STYLE = Automatic;
				CURRENT_PROJECT_VERSION = 1;
				DEVELOPMENT_TEAM = KQ5KZR3DQ5;
				ENABLE_PREVIEWS = YES;
				GENERATE_INFOPLIST_FILE = YES;
				INFOPLIST_FILE = ScreenTimeRewards/Info.plist;
				INFOPLIST_KEY_UIApplicationSceneManifest_Generation = YES;
				INFOPLIST_KEY_UIApplicationSupportsIndirectInputEvents = YES;
				INFOPLIST_KEY_UILaunchScreen_Generation = YES;
				INFOPLIST_KEY_UISupportedInterfaceOrientations_iPad = "UIInterfaceOrientationPortrait UIInterfaceOrientationPortraitUpsideDown UIInterfaceOrientationLandscapeLeft UIInterfaceOrientationLandscapeRight";
				INFOPLIST_KEY_UISupportedInterfaceOrientations_iPhone = "UIInterfaceOrientationPortrait UIInterfaceOrientationLandscapeLeft UIInterfaceOrientationLandscapeRight";
				IPHONEOS_DEPLOYMENT_TARGET = 15.0;
				LD_RUNPATH_SEARCH_PATHS = (
					"$(inherited)",
					"@executable_path/Frameworks",
				);
				MARKETING_VERSION = 1.0;
				PRODUCT_BUNDLE_IDENTIFIER = i6dev.ScreenTimeRewards;
				PRODUCT_NAME = "$(TARGET_NAME)";
				STRING_CATALOG_GENERATE_SYMBOLS = YES;
				SWIFT_APPROACHABLE_CONCURRENCY = YES;
				SWIFT_DEFAULT_ACTOR_ISOLATION = MainActor;
				SWIFT_EMIT_LOC_STRINGS = YES;
				SWIFT_UPCOMING_FEATURE_MEMBER_IMPORT_VISIBILITY = YES;
				SWIFT_VERSION = 5.0;
				TARGETED_DEVICE_FAMILY = "1,2";
			};
			name = Debug;
		};
		4368303C2E9F172B0058C9C1 /* Release */ = {
			isa = XCBuildConfiguration;
			buildSettings = {
				ASSETCATALOG_COMPILER_APPICON_NAME = AppIcon;
				ASSETCATALOG_COMPILER_GLOBAL_ACCENT_COLOR_NAME = AccentColor;
				CODE_SIGN_ENTITLEMENTS = ScreenTimeRewards/ScreenTimeRewards.entitlements;
				CODE_SIGN_STYLE = Automatic;
				CURRENT_PROJECT_VERSION = 1;
				DEVELOPMENT_TEAM = KQ5KZR3DQ5;
				ENABLE_PREVIEWS = YES;
				GENERATE_INFOPLIST_FILE = YES;
				INFOPLIST_FILE = ScreenTimeRewards/Info.plist;
				INFOPLIST_KEY_UIApplicationSceneManifest_Generation = YES;
				INFOPLIST_KEY_UIApplicationSupportsIndirectInputEvents = YES;
				INFOPLIST_KEY_UILaunchScreen_Generation = YES;
				INFOPLIST_KEY_UISupportedInterfaceOrientations_iPad = "UIInterfaceOrientationPortrait UIInterfaceOrientationPortraitUpsideDown UIInterfaceOrientationLandscapeLeft UIInterfaceOrientationLandscapeRight";
				INFOPLIST_KEY_UISupportedInterfaceOrientations_iPhone = "UIInterfaceOrientationPortrait UIInterfaceOrientationLandscapeLeft UIInterfaceOrientationLandscapeRight";
				IPHONEOS_DEPLOYMENT_TARGET = 15.0;
				LD_RUNPATH_SEARCH_PATHS = (
					"$(inherited)",
					"@executable_path/Frameworks",
				);
				MARKETING_VERSION = 1.0;
				PRODUCT_BUNDLE_IDENTIFIER = i6dev.ScreenTimeRewards;
				PRODUCT_NAME = "$(TARGET_NAME)";
				STRING_CATALOG_GENERATE_SYMBOLS = YES;
				SWIFT_APPROACHABLE_CONCURRENCY = YES;
				SWIFT_DEFAULT_ACTOR_ISOLATION = MainActor;
				SWIFT_EMIT_LOC_STRINGS = YES;
				SWIFT_UPCOMING_FEATURE_MEMBER_IMPORT_VISIBILITY = YES;
				SWIFT_VERSION = 5.0;
				TARGETED_DEVICE_FAMILY = "1,2";
			};
			name = Release;
		};
		4368303D2E9F172B0058C9C1 /* Debug */ = {
			isa = XCBuildConfiguration;
			buildSettings = {
				ALWAYS_SEARCH_USER_PATHS = NO;
				ASSETCATALOG_COMPILER_GENERATE_SWIFT_ASSET_SYMBOL_EXTENSIONS = YES;
				CLANG_ANALYZER_NONNULL = YES;
				CLANG_ANALYZER_NUMBER_OBJECT_CONVERSION = YES_AGGRESSIVE;
				CLANG_CXX_LANGUAGE_STANDARD = "gnu++20";
				CLANG_ENABLE_MODULES = YES;
				CLANG_ENABLE_OBJC_ARC = YES;
				CLANG_ENABLE_OBJC_WEAK = YES;
				CLANG_WARN_BLOCK_CAPTURE_AUTORELEASING = YES;
				CLANG_WARN_BOOL_CONVERSION = YES;
				CLANG_WARN_COMMA = YES;
				CLANG_WARN_CONSTANT_CONVERSION = YES;
				CLANG_WARN_DEPRECATED_OBJC_IMPLEMENTATIONS = YES;
				CLANG_WARN_DIRECT_OBJC_ISA_USAGE = YES_ERROR;
				CLANG_WARN_DOCUMENTATION_COMMENTS = YES;
				CLANG_WARN_EMPTY_BODY = YES;
				CLANG_WARN_ENUM_CONVERSION = YES;
				CLANG_WARN_INFINITE_RECURSION = YES;
				CLANG_WARN_INT_CONVERSION = YES;
				CLANG_WARN_NON_LITERAL_NULL_CONVERSION = YES;
				CLANG_WARN_OBJC_IMPLICIT_RETAIN_SELF = YES;
				CLANG_WARN_OBJC_LITERAL_CONVERSION = YES;
				CLANG_WARN_OBJC_ROOT_CLASS = YES_ERROR;
				CLANG_WARN_QUOTED_INCLUDE_IN_FRAMEWORK_HEADER = YES;
				CLANG_WARN_RANGE_LOOP_ANALYSIS = YES;
				CLANG_WARN_STRICT_PROTOTYPES = YES;
				CLANG_WARN_SUSPICIOUS_MOVE = YES;
				CLANG_WARN_UNGUARDED_AVAILABILITY = YES_AGGRESSIVE;
				CLANG_WARN_UNREACHABLE_CODE = YES;
				CLANG_WARN__DUPLICATE_METHOD_MATCH = YES;
				COPY_PHASE_STRIP = NO;
				DEBUG_INFORMATION_FORMAT = dwarf;
				DEVELOPMENT_TEAM = KQ5KZR3DQ5;
				ENABLE_STRICT_OBJC_MSGSEND = YES;
				ENABLE_TESTABILITY = YES;
				ENABLE_USER_SCRIPT_SANDBOXING = YES;
				GCC_C_LANGUAGE_STANDARD = gnu17;
				GCC_DYNAMIC_NO_PIC = NO;
				GCC_NO_COMMON_BLOCKS = YES;
				GCC_OPTIMIZATION_LEVEL = 0;
				GCC_PREPROCESSOR_DEFINITIONS = (
					"DEBUG=1",
					"$(inherited)",
				);
				GCC_WARN_64_TO_32_BIT_CONVERSION = YES;
				GCC_WARN_ABOUT_RETURN_TYPE = YES_ERROR;
				GCC_WARN_UNDECLARED_SELECTOR = YES;
				GCC_WARN_UNINITIALIZED_AUTOS = YES_AGGRESSIVE;
				GCC_WARN_UNUSED_FUNCTION = YES;
				GCC_WARN_UNUSED_VARIABLE = YES;
				IPHONEOS_DEPLOYMENT_TARGET = 15.0;
				LOCALIZATION_PREFERS_STRING_CATALOGS = YES;
				MTL_ENABLE_DEBUG_INFO = INCLUDE_SOURCE;
				MTL_FAST_MATH = YES;
				ONLY_ACTIVE_ARCH = YES;
				SDKROOT = iphoneos;
				SWIFT_ACTIVE_COMPILATION_CONDITIONS = "DEBUG $(inherited)";
				SWIFT_OPTIMIZATION_LEVEL = "-Onone";
			};
			name = Debug;
		};
		4368303E2E9F172B0058C9C1 /* Release */ = {
			isa = XCBuildConfiguration;
			buildSettings = {
				ALWAYS_SEARCH_USER_PATHS = NO;
				ASSETCATALOG_COMPILER_GENERATE_SWIFT_ASSET_SYMBOL_EXTENSIONS = YES;
				CLANG_ANALYZER_NONNULL = YES;
				CLANG_ANALYZER_NUMBER_OBJECT_CONVERSION = YES_AGGRESSIVE;
				CLANG_CXX_LANGUAGE_STANDARD = "gnu++20";
				CLANG_ENABLE_MODULES = YES;
				CLANG_ENABLE_OBJC_ARC = YES;
				CLANG_ENABLE_OBJC_WEAK = YES;
				CLANG_WARN_BLOCK_CAPTURE_AUTORELEASING = YES;
				CLANG_WARN_BOOL_CONVERSION = YES;
				CLANG_WARN_COMMA = YES;
				CLANG_WARN_CONSTANT_CONVERSION = YES;
				CLANG_WARN_DEPRECATED_OBJC_IMPLEMENTATIONS = YES;
				CLANG_WARN_DIRECT_OBJC_ISA_USAGE = YES_ERROR;
				CLANG_WARN_DOCUMENTATION_COMMENTS = YES;
				CLANG_WARN_EMPTY_BODY = YES;
				CLANG_WARN_ENUM_CONVERSION = YES;
				CLANG_WARN_INFINITE_RECURSION = YES;
				CLANG_WARN_INT_CONVERSION = YES;
				CLANG_WARN_NON_LITERAL_NULL_CONVERSION = YES;
				CLANG_WARN_OBJC_IMPLICIT_RETAIN_SELF = YES;
				CLANG_WARN_OBJC_LITERAL_CONVERSION = YES;
				CLANG_WARN_OBJC_ROOT_CLASS = YES_ERROR;
				CLANG_WARN_QUOTED_INCLUDE_IN_FRAMEWORK_HEADER = YES;
				CLANG_WARN_RANGE_LOOP_ANALYSIS = YES;
				CLANG_WARN_STRICT_PROTOTYPES = YES;
				CLANG_WARN_SUSPICIOUS_MOVE = YES;
				CLANG_WARN_UNGUARDED_AVAILABILITY = YES_AGGRESSIVE;
				CLANG_WARN_UNREACHABLE_CODE = YES;
				CLANG_WARN__DUPLICATE_METHOD_MATCH = YES;
				COPY_PHASE_STRIP = NO;
				DEBUG_INFORMATION_FORMAT = "dwarf-with-dsym";
				DEVELOPMENT_TEAM = KQ5KZR3DQ5;
				ENABLE_NS_ASSERTIONS = NO;
				ENABLE_STRICT_OBJC_MSGSEND = YES;
				ENABLE_USER_SCRIPT_SANDBOXING = YES;
				GCC_C_LANGUAGE_STANDARD = gnu17;
				GCC_NO_COMMON_BLOCKS = YES;
				GCC_WARN_64_TO_32_BIT_CONVERSION = YES;
				GCC_WARN_ABOUT_RETURN_TYPE = YES_ERROR;
				GCC_WARN_UNDECLARED_SELECTOR = YES;
				GCC_WARN_UNINITIALIZED_AUTOS = YES_AGGRESSIVE;
				GCC_WARN_UNUSED_FUNCTION = YES;
				GCC_WARN_UNUSED_VARIABLE = YES;
				IPHONEOS_DEPLOYMENT_TARGET = 15.0;
				LOCALIZATION_PREFERS_STRING_CATALOGS = YES;
				MTL_ENABLE_DEBUG_INFO = NO;
				MTL_FAST_MATH = YES;
				SDKROOT = iphoneos;
				SWIFT_COMPILATION_MODE = wholemodule;
				VALIDATE_PRODUCT = YES;
			};
			name = Release;
		};
		436830402E9F172B0058C9C1 /* Debug */ = {
			isa = XCBuildConfiguration;
			buildSettings = {
				BUNDLE_LOADER = "$(TEST_HOST)";
				CODE_SIGN_STYLE = Automatic;
				CURRENT_PROJECT_VERSION = 1;
				DEVELOPMENT_TEAM = KQ5KZR3DQ5;
				GENERATE_INFOPLIST_FILE = YES;
				IPHONEOS_DEPLOYMENT_TARGET = 15.0;
				MARKETING_VERSION = 1.0;
				PRODUCT_BUNDLE_IDENTIFIER = i6dev.ScreenTimeRewardsTests;
				PRODUCT_NAME = "$(TARGET_NAME)";
				STRING_CATALOG_GENERATE_SYMBOLS = NO;
				SWIFT_APPROACHABLE_CONCURRENCY = YES;
				SWIFT_EMIT_LOC_STRINGS = NO;
				SWIFT_UPCOMING_FEATURE_MEMBER_IMPORT_VISIBILITY = YES;
				SWIFT_VERSION = 5.0;
				TARGETED_DEVICE_FAMILY = "1,2";
				TEST_HOST = "$(BUILT_PRODUCTS_DIR)/ScreenTimeRewards.app/$(BUNDLE_EXECUTABLE_FOLDER_PATH)/ScreenTimeRewards";
			};
			name = Debug;
		};
		436830412E9F172B0058C9C1 /* Release */ = {
			isa = XCBuildConfiguration;
			buildSettings = {
				BUNDLE_LOADER = "$(TEST_HOST)";
				CODE_SIGN_STYLE = Automatic;
				CURRENT_PROJECT_VERSION = 1;
				DEVELOPMENT_TEAM = KQ5KZR3DQ5;
				GENERATE_INFOPLIST_FILE = YES;
				IPHONEOS_DEPLOYMENT_TARGET = 15.0;
				MARKETING_VERSION = 1.0;
				PRODUCT_BUNDLE_IDENTIFIER = i6dev.ScreenTimeRewardsTests;
				PRODUCT_NAME = "$(TARGET_NAME)";
				STRING_CATALOG_GENERATE_SYMBOLS = NO;
				SWIFT_APPROACHABLE_CONCURRENCY = YES;
				SWIFT_EMIT_LOC_STRINGS = NO;
				SWIFT_UPCOMING_FEATURE_MEMBER_IMPORT_VISIBILITY = YES;
				SWIFT_VERSION = 5.0;
				TARGETED_DEVICE_FAMILY = "1,2";
				TEST_HOST = "$(BUILT_PRODUCTS_DIR)/ScreenTimeRewards.app/$(BUNDLE_EXECUTABLE_FOLDER_PATH)/ScreenTimeRewards";
			};
			name = Release;
		};
		436830432E9F172B0058C9C1 /* Debug */ = {
			isa = XCBuildConfiguration;
			buildSettings = {
				CODE_SIGN_STYLE = Automatic;
				CURRENT_PROJECT_VERSION = 1;
				DEVELOPMENT_TEAM = KQ5KZR3DQ5;
				GENERATE_INFOPLIST_FILE = YES;
				MARKETING_VERSION = 1.0;
				PRODUCT_BUNDLE_IDENTIFIER = i6dev.ScreenTimeRewardsUITests;
				PRODUCT_NAME = "$(TARGET_NAME)";
				STRING_CATALOG_GENERATE_SYMBOLS = NO;
				SWIFT_APPROACHABLE_CONCURRENCY = YES;
				SWIFT_EMIT_LOC_STRINGS = NO;
				SWIFT_UPCOMING_FEATURE_MEMBER_IMPORT_VISIBILITY = YES;
				SWIFT_VERSION = 5.0;
				TARGETED_DEVICE_FAMILY = "1,2";
				TEST_TARGET_NAME = ScreenTimeRewards;
			};
			name = Debug;
		};
		436830442E9F172B0058C9C1 /* Release */ = {
			isa = XCBuildConfiguration;
			buildSettings = {
				CODE_SIGN_STYLE = Automatic;
				CURRENT_PROJECT_VERSION = 1;
				DEVELOPMENT_TEAM = KQ5KZR3DQ5;
				GENERATE_INFOPLIST_FILE = YES;
				MARKETING_VERSION = 1.0;
				PRODUCT_BUNDLE_IDENTIFIER = i6dev.ScreenTimeRewardsUITests;
				PRODUCT_NAME = "$(TARGET_NAME)";
				STRING_CATALOG_GENERATE_SYMBOLS = NO;
				SWIFT_APPROACHABLE_CONCURRENCY = YES;
				SWIFT_EMIT_LOC_STRINGS = NO;
				SWIFT_UPCOMING_FEATURE_MEMBER_IMPORT_VISIBILITY = YES;
				SWIFT_VERSION = 5.0;
				TARGETED_DEVICE_FAMILY = "1,2";
				TEST_TARGET_NAME = ScreenTimeRewards;
			};
			name = Release;
		};
/* End XCBuildConfiguration section */

/* Begin XCConfigurationList section */
		4368300E2E9F172A0058C9C1 /* Build configuration list for PBXProject "ScreenTimeRewards" */ = {
			isa = XCConfigurationList;
			buildConfigurations = (
				4368303D2E9F172B0058C9C1 /* Debug */,
				4368303E2E9F172B0058C9C1 /* Release */,
			);
			defaultConfigurationIsVisible = 0;
			defaultConfigurationName = Release;
		};
		4368303A2E9F172B0058C9C1 /* Build configuration list for PBXNativeTarget "ScreenTimeRewards" */ = {
			isa = XCConfigurationList;
			buildConfigurations = (
				4368303B2E9F172B0058C9C1 /* Debug */,
				4368303C2E9F172B0058C9C1 /* Release */,
			);
			defaultConfigurationIsVisible = 0;
			defaultConfigurationName = Release;
		};
		4368303F2E9F172B0058C9C1 /* Build configuration list for PBXNativeTarget "ScreenTimeRewardsTests" */ = {
			isa = XCConfigurationList;
			buildConfigurations = (
				436830402E9F172B0058C9C1 /* Debug */,
				436830412E9F172B0058C9C1 /* Release */,
			);
			defaultConfigurationIsVisible = 0;
			defaultConfigurationName = Release;
		};
		436830422E9F172B0058C9C1 /* Build configuration list for PBXNativeTarget "ScreenTimeRewardsUITests" */ = {
			isa = XCConfigurationList;
			buildConfigurations = (
				436830432E9F172B0058C9C1 /* Debug */,
				436830442E9F172B0058C9C1 /* Release */,
			);
			defaultConfigurationIsVisible = 0;
			defaultConfigurationName = Release;
		};
/* End XCConfigurationList section */
	};
	rootObject = 4368300B2E9F172A0058C9C1 /* Project object */;
}
