// !$*UTF8*$!
{
	archiveVersion = 1;
	classes = {
	};
	objectVersion = 77;
	objects = {

/* Begin PBXBuildFile section */
		432838612ED2977500B0EC3D /* ManagedSettings.framework in Frameworks */ = {isa = PBXBuildFile; fileRef = 43E0F00B2EA0258700567890 /* ManagedSettings.framework */; };
		432838622ED2977500B0EC3D /* ManagedSettingsUI.framework in Frameworks */ = {isa = PBXBuildFile; fileRef = 43575C3A2EA1D9BF00AA226E /* ManagedSettingsUI.framework */; };
		4328386A2ED2977500B0EC3D /* ShieldConfigurationExtension.appex in Embed App Extensions */ = {isa = PBXBuildFile; fileRef = 432838602ED2977500B0EC3D /* ShieldConfigurationExtension.appex */; settings = {ATTRIBUTES = (RemoveHeadersOnCopy, ); }; };
		43DD71482E9F19B60066E06C /* DeviceActivity.framework in Frameworks */ = {isa = PBXBuildFile; fileRef = 43DD71472E9F19B60066E06C /* DeviceActivity.framework */; };
		43DD714A2E9F19C20066E06C /* FamilyControls.framework in Frameworks */ = {isa = PBXBuildFile; fileRef = 43DD71492E9F19C20066E06C /* FamilyControls.framework */; };
		43E0F0082EA0258700567890 /* ScreenTimeActivityExtension/DeviceActivityMonitorExtension.swift in Sources */ = {isa = PBXBuildFile; fileRef = 43E0F0042EA0258700567890 /* ScreenTimeActivityExtension/DeviceActivityMonitorExtension.swift */; };
		43E0F0092EA0258700567890 /* DeviceActivity.framework in Frameworks */ = {isa = PBXBuildFile; fileRef = 43DD71472E9F19B60066E06C /* DeviceActivity.framework */; };
		43E0F00A2EA0258700567890 /* FamilyControls.framework in Frameworks */ = {isa = PBXBuildFile; fileRef = 43DD71492E9F19C20066E06C /* FamilyControls.framework */; };
		43E0F00C2EA0258700567890 /* ManagedSettings.framework in Frameworks */ = {isa = PBXBuildFile; fileRef = 43E0F00B2EA0258700567890 /* ManagedSettings.framework */; };
		43E0F00D2EA0258700567890 /* ManagedSettings.framework in Frameworks */ = {isa = PBXBuildFile; fileRef = 43E0F00B2EA0258700567890 /* ManagedSettings.framework */; };
		43E0F0152EA0258700567890 /* ScreenTimeRewards/Shared/ScreenTimeNotifications.swift in Sources */ = {isa = PBXBuildFile; fileRef = 43E0F0012EA0258700567890 /* ScreenTimeRewards/Shared/ScreenTimeNotifications.swift */; };
		43E0F0172EA0258700567890 /* ScreenTimeActivityExtension.appex in Embed App Extensions */ = {isa = PBXBuildFile; fileRef = 43E0F0072EA0258700567890 /* ScreenTimeActivityExtension.appex */; settings = {ATTRIBUTES = (RemoveHeadersOnCopy, ); }; };
		43E1F0202F1A000100123450 /* ScreenTimeReportExtension/ScreenTimeReportExtension.swift in Sources */ = {isa = PBXBuildFile; fileRef = 43E1F0022F1A000100123450 /* ScreenTimeReportExtension/ScreenTimeReportExtension.swift */; };
		43E1F0212F1A000100123450 /* ScreenTimeReportExtension/TotalActivityReport.swift in Sources */ = {isa = PBXBuildFile; fileRef = 43E1F0032F1A000100123450 /* ScreenTimeReportExtension/TotalActivityReport.swift */; };
		43E1F0222F1A000100123450 /* ScreenTimeReportExtension/TotalActivityView.swift in Sources */ = {isa = PBXBuildFile; fileRef = 43E1F0042F1A000100123450 /* ScreenTimeReportExtension/TotalActivityView.swift */; };
		43E1F0232F1A000100123450 /* DeviceActivity.framework in Frameworks */ = {isa = PBXBuildFile; fileRef = 43DD71472E9F19B60066E06C /* DeviceActivity.framework */; };
		43E1F0242F1A000100123450 /* FamilyControls.framework in Frameworks */ = {isa = PBXBuildFile; fileRef = 43DD71492E9F19C20066E06C /* FamilyControls.framework */; };
		43E1F0252F1A000100123450 /* ManagedSettings.framework in Frameworks */ = {isa = PBXBuildFile; fileRef = 43E0F00B2EA0258700567890 /* ManagedSettings.framework */; };
		43E1F0262F1A000100123450 /* ScreenTimeReportExtension.appex in Embed App Extensions */ = {isa = PBXBuildFile; fileRef = 43E1F0002F1A000100123450 /* ScreenTimeReportExtension.appex */; settings = {ATTRIBUTES = (RemoveHeadersOnCopy, ); }; };
/* End PBXBuildFile section */

/* Begin PBXContainerItemProxy section */
		432838682ED2977500B0EC3D /* PBXContainerItemProxy */ = {
			isa = PBXContainerItemProxy;
			containerPortal = 4368300B2E9F172A0058C9C1 /* Project object */;
			proxyType = 1;
			remoteGlobalIDString = 4328385F2ED2977500B0EC3D;
			remoteInfo = ShieldConfigurationExtension;
		};
		436830282E9F172B0058C9C1 /* PBXContainerItemProxy */ = {
			isa = PBXContainerItemProxy;
			containerPortal = 4368300B2E9F172A0058C9C1 /* Project object */;
			proxyType = 1;
			remoteGlobalIDString = 436830122E9F172A0058C9C1;
			remoteInfo = ScreenTimeRewards;
		};
		436830322E9F172B0058C9C1 /* PBXContainerItemProxy */ = {
			isa = PBXContainerItemProxy;
			containerPortal = 4368300B2E9F172A0058C9C1 /* Project object */;
			proxyType = 1;
			remoteGlobalIDString = 436830122E9F172A0058C9C1;
			remoteInfo = ScreenTimeRewards;
		};
/* End PBXContainerItemProxy section */

/* Begin PBXCopyFilesBuildPhase section */
		43E0F0162EA0258700567890 /* Embed App Extensions */ = {
			isa = PBXCopyFilesBuildPhase;
			buildActionMask = 2147483647;
			dstPath = "";
			dstSubfolderSpec = 13;
			files = (
				43E0F0172EA0258700567890 /* ScreenTimeActivityExtension.appex in Embed App Extensions */,
				4328386A2ED2977500B0EC3D /* ShieldConfigurationExtension.appex in Embed App Extensions */,
				43E1F0262F1A000100123450 /* ScreenTimeReportExtension.appex in Embed App Extensions */,
			);
			name = "Embed App Extensions";
			runOnlyForDeploymentPostprocessing = 0;
		};
/* End PBXCopyFilesBuildPhase section */

/* Begin PBXFileReference section */
		432838602ED2977500B0EC3D /* ShieldConfigurationExtension.appex */ = {isa = PBXFileReference; explicitFileType = "wrapper.app-extension"; includeInIndex = 0; path = ShieldConfigurationExtension.appex; sourceTree = BUILT_PRODUCTS_DIR; };
		43575C3A2EA1D9BF00AA226E /* ManagedSettingsUI.framework */ = {isa = PBXFileReference; lastKnownFileType = wrapper.framework; name = ManagedSettingsUI.framework; path = System/Library/Frameworks/ManagedSettingsUI.framework; sourceTree = SDKROOT; };
		436830132E9F172A0058C9C1 /* ScreenTimeRewards.app */ = {isa = PBXFileReference; explicitFileType = wrapper.application; includeInIndex = 0; path = ScreenTimeRewards.app; sourceTree = BUILT_PRODUCTS_DIR; };
		436830272E9F172B0058C9C1 /* ScreenTimeRewardsTests.xctest */ = {isa = PBXFileReference; explicitFileType = wrapper.cfbundle; includeInIndex = 0; path = ScreenTimeRewardsTests.xctest; sourceTree = BUILT_PRODUCTS_DIR; };
		436830312E9F172B0058C9C1 /* ScreenTimeRewardsUITests.xctest */ = {isa = PBXFileReference; explicitFileType = wrapper.cfbundle; includeInIndex = 0; path = ScreenTimeRewardsUITests.xctest; sourceTree = BUILT_PRODUCTS_DIR; };
		43DD71472E9F19B60066E06C /* DeviceActivity.framework */ = {isa = PBXFileReference; lastKnownFileType = wrapper.framework; name = DeviceActivity.framework; path = System/Library/Frameworks/DeviceActivity.framework; sourceTree = SDKROOT; };
		43DD71492E9F19C20066E06C /* FamilyControls.framework */ = {isa = PBXFileReference; lastKnownFileType = wrapper.framework; name = FamilyControls.framework; path = System/Library/Frameworks/FamilyControls.framework; sourceTree = SDKROOT; };
		43E0F0012EA0258700567890 /* ScreenTimeRewards/Shared/ScreenTimeNotifications.swift */ = {isa = PBXFileReference; lastKnownFileType = sourcecode.swift; path = ScreenTimeRewards/Shared/ScreenTimeNotifications.swift; sourceTree = SOURCE_ROOT; };
		43E0F0042EA0258700567890 /* ScreenTimeActivityExtension/DeviceActivityMonitorExtension.swift */ = {isa = PBXFileReference; lastKnownFileType = sourcecode.swift; path = ScreenTimeActivityExtension/DeviceActivityMonitorExtension.swift; sourceTree = SOURCE_ROOT; };
		43E0F0072EA0258700567890 /* ScreenTimeActivityExtension.appex */ = {isa = PBXFileReference; explicitFileType = "wrapper.app-extension"; includeInIndex = 0; path = ScreenTimeActivityExtension.appex; sourceTree = BUILT_PRODUCTS_DIR; };
		43E0F00B2EA0258700567890 /* ManagedSettings.framework */ = {isa = PBXFileReference; lastKnownFileType = wrapper.framework; name = ManagedSettings.framework; path = System/Library/Frameworks/ManagedSettings.framework; sourceTree = SDKROOT; };
		43E1F0002F1A000100123450 /* ScreenTimeReportExtension.appex */ = {isa = PBXFileReference; explicitFileType = "wrapper.app-extension"; includeInIndex = 0; path = ScreenTimeReportExtension.appex; sourceTree = BUILT_PRODUCTS_DIR; };
		43E1F0022F1A000100123450 /* ScreenTimeReportExtension/ScreenTimeReportExtension.swift */ = {isa = PBXFileReference; lastKnownFileType = sourcecode.swift; path = ScreenTimeReportExtension/ScreenTimeReportExtension.swift; sourceTree = SOURCE_ROOT; };
		43E1F0032F1A000100123450 /* ScreenTimeReportExtension/TotalActivityReport.swift */ = {isa = PBXFileReference; lastKnownFileType = sourcecode.swift; path = ScreenTimeReportExtension/TotalActivityReport.swift; sourceTree = SOURCE_ROOT; };
		43E1F0042F1A000100123450 /* ScreenTimeReportExtension/TotalActivityView.swift */ = {isa = PBXFileReference; lastKnownFileType = sourcecode.swift; path = ScreenTimeReportExtension/TotalActivityView.swift; sourceTree = SOURCE_ROOT; };
		43E1F0052F1A000100123450 /* ScreenTimeReportExtension/Info.plist */ = {isa = PBXFileReference; lastKnownFileType = text.plist.xml; path = ScreenTimeReportExtension/Info.plist; sourceTree = SOURCE_ROOT; };
		43E1F0062F1A000100123450 /* ScreenTimeReportExtension/ScreenTimeReportExtension.entitlements */ = {isa = PBXFileReference; lastKnownFileType = text.plist.entitlements; path = ScreenTimeReportExtension/ScreenTimeReportExtension.entitlements; sourceTree = SOURCE_ROOT; };
/* End PBXFileReference section */

/* Begin PBXFileSystemSynchronizedBuildFileExceptionSet section */
		4328386E2ED2977500B0EC3D /* Exceptions for "ShieldConfigurationExtension" folder in "ShieldConfigurationExtension" target */ = {
			isa = PBXFileSystemSynchronizedBuildFileExceptionSet;
			membershipExceptions = (
				Info.plist,
			);
			target = 4328385F2ED2977500B0EC3D /* ShieldConfigurationExtension */;
		};
		436830392E9F172B0058C9C1 /* Exceptions for "ScreenTimeRewards" folder in "ScreenTimeRewards" target */ = {
			isa = PBXFileSystemSynchronizedBuildFileExceptionSet;
			membershipExceptions = (
				Info.plist,
			);
			target = 436830122E9F172A0058C9C1 /* ScreenTimeRewards */;
		};
/* End PBXFileSystemSynchronizedBuildFileExceptionSet section */

/* Begin PBXFileSystemSynchronizedRootGroup section */
		432838632ED2977500B0EC3D /* ShieldConfigurationExtension */ = {
			isa = PBXFileSystemSynchronizedRootGroup;
			exceptions = (
				4328386E2ED2977500B0EC3D /* Exceptions for "ShieldConfigurationExtension" folder in "ShieldConfigurationExtension" target */,
			);
			path = ShieldConfigurationExtension;
			sourceTree = "<group>";
		};
		436830152E9F172A0058C9C1 /* ScreenTimeRewards */ = {
			isa = PBXFileSystemSynchronizedRootGroup;
			exceptions = (
				436830392E9F172B0058C9C1 /* Exceptions for "ScreenTimeRewards" folder in "ScreenTimeRewards" target */,
			);
			path = ScreenTimeRewards;
			sourceTree = "<group>";
		};
		4368302A2E9F172B0058C9C1 /* ScreenTimeRewardsTests */ = {
			isa = PBXFileSystemSynchronizedRootGroup;
			path = ScreenTimeRewardsTests;
			sourceTree = "<group>";
		};
		436830342E9F172B0058C9C1 /* ScreenTimeRewardsUITests */ = {
			isa = PBXFileSystemSynchronizedRootGroup;
			path = ScreenTimeRewardsUITests;
			sourceTree = "<group>";
		};
/* End PBXFileSystemSynchronizedRootGroup section */

/* Begin PBXFrameworksBuildPhase section */
		4328385D2ED2977500B0EC3D /* Frameworks */ = {
			isa = PBXFrameworksBuildPhase;
			buildActionMask = 2147483647;
			files = (
				432838612ED2977500B0EC3D /* ManagedSettings.framework in Frameworks */,
				432838622ED2977500B0EC3D /* ManagedSettingsUI.framework in Frameworks */,
			);
			runOnlyForDeploymentPostprocessing = 0;
		};
		436830102E9F172A0058C9C1 /* Frameworks */ = {
			isa = PBXFrameworksBuildPhase;
			buildActionMask = 2147483647;
			files = (
				43E0F00C2EA0258700567890 /* ManagedSettings.framework in Frameworks */,
				43DD714A2E9F19C20066E06C /* FamilyControls.framework in Frameworks */,
				43DD71482E9F19B60066E06C /* DeviceActivity.framework in Frameworks */,
			);
			runOnlyForDeploymentPostprocessing = 0;
		};
		436830242E9F172B0058C9C1 /* Frameworks */ = {
			isa = PBXFrameworksBuildPhase;
			buildActionMask = 2147483647;
			files = (
			);
			runOnlyForDeploymentPostprocessing = 0;
		};
		4368302E2E9F172B0058C9C1 /* Frameworks */ = {
			isa = PBXFrameworksBuildPhase;
			buildActionMask = 2147483647;
			files = (
			);
			runOnlyForDeploymentPostprocessing = 0;
		};
		43E0F00F2EA0258700567890 /* Frameworks */ = {
			isa = PBXFrameworksBuildPhase;
			buildActionMask = 2147483647;
			files = (
				43E0F0092EA0258700567890 /* DeviceActivity.framework in Frameworks */,
				43E0F00A2EA0258700567890 /* FamilyControls.framework in Frameworks */,
				43E0F00D2EA0258700567890 /* ManagedSettings.framework in Frameworks */,
			);
			runOnlyForDeploymentPostprocessing = 0;
		};
		43E1F0112F1A000100123450 /* Frameworks */ = {
			isa = PBXFrameworksBuildPhase;
			buildActionMask = 2147483647;
			files = (
				43E1F0232F1A000100123450 /* DeviceActivity.framework in Frameworks */,
				43E1F0242F1A000100123450 /* FamilyControls.framework in Frameworks */,
				43E1F0252F1A000100123450 /* ManagedSettings.framework in Frameworks */,
			);
			runOnlyForDeploymentPostprocessing = 0;
		};
/* End PBXFrameworksBuildPhase section */

/* Begin PBXGroup section */
		435757372E9F4C1500AA226E /* Recovered References */ = {
			isa = PBXGroup;
			children = (
				43E0F0042EA0258700567890 /* ScreenTimeActivityExtension/DeviceActivityMonitorExtension.swift */,
				43E0F0012EA0258700567890 /* ScreenTimeRewards/Shared/ScreenTimeNotifications.swift */,
			);
			name = "Recovered References";
			sourceTree = "<group>";
		};
		4368300A2E9F172A0058C9C1 = {
			isa = PBXGroup;
			children = (
				436830152E9F172A0058C9C1 /* ScreenTimeRewards */,
				4368302A2E9F172B0058C9C1 /* ScreenTimeRewardsTests */,
				436830342E9F172B0058C9C1 /* ScreenTimeRewardsUITests */,
				432838632ED2977500B0EC3D /* ShieldConfigurationExtension */,
				43DD71462E9F19B60066E06C /* Frameworks */,
				436830142E9F172A0058C9C1 /* Products */,
				435757372E9F4C1500AA226E /* Recovered References */,
				43E1F0072F1A000100123450 /* ScreenTimeReportExtension */,
			);
			sourceTree = "<group>";
		};
		436830142E9F172A0058C9C1 /* Products */ = {
			isa = PBXGroup;
			children = (
				436830132E9F172A0058C9C1 /* ScreenTimeRewards.app */,
				436830272E9F172B0058C9C1 /* ScreenTimeRewardsTests.xctest */,
				436830312E9F172B0058C9C1 /* ScreenTimeRewardsUITests.xctest */,
				43E0F0072EA0258700567890 /* ScreenTimeActivityExtension.appex */,
				43E1F0002F1A000100123450 /* ScreenTimeReportExtension.appex */,
				432838602ED2977500B0EC3D /* ShieldConfigurationExtension.appex */,
			);
			name = Products;
			sourceTree = "<group>";
		};
		43DD71462E9F19B60066E06C /* Frameworks */ = {
			isa = PBXGroup;
			children = (
				43DD71492E9F19C20066E06C /* FamilyControls.framework */,
				43DD71472E9F19B60066E06C /* DeviceActivity.framework */,
				43E0F00B2EA0258700567890 /* ManagedSettings.framework */,
				43575C3A2EA1D9BF00AA226E /* ManagedSettingsUI.framework */,
			);
			name = Frameworks;
			sourceTree = "<group>";
		};
		43E1F0072F1A000100123450 /* ScreenTimeReportExtension */ = {
			isa = PBXGroup;
			children = (
				43E1F0022F1A000100123450 /* ScreenTimeReportExtension/ScreenTimeReportExtension.swift */,
				43E1F0032F1A000100123450 /* ScreenTimeReportExtension/TotalActivityReport.swift */,
				43E1F0042F1A000100123450 /* ScreenTimeReportExtension/TotalActivityView.swift */,
				43E1F0052F1A000100123450 /* ScreenTimeReportExtension/Info.plist */,
				43E1F0062F1A000100123450 /* ScreenTimeReportExtension/ScreenTimeReportExtension.entitlements */,
			);
			path = ScreenTimeReportExtension;
			sourceTree = "<group>";
		};
/* End PBXGroup section */

/* Begin PBXNativeTarget section */
		4328385F2ED2977500B0EC3D /* ShieldConfigurationExtension */ = {
			isa = PBXNativeTarget;
			buildConfigurationList = 4328386D2ED2977500B0EC3D /* Build configuration list for PBXNativeTarget "ShieldConfigurationExtension" */;
			buildPhases = (
				4328385C2ED2977500B0EC3D /* Sources */,
				4328385D2ED2977500B0EC3D /* Frameworks */,
				4328385E2ED2977500B0EC3D /* Resources */,
			);
			buildRules = (
			);
			dependencies = (
			);
			fileSystemSynchronizedGroups = (
				432838632ED2977500B0EC3D /* ShieldConfigurationExtension */,
			);
			name = ShieldConfigurationExtension;
			packageProductDependencies = (
			);
			productName = ShieldConfigurationExtension;
			productReference = 432838602ED2977500B0EC3D /* ShieldConfigurationExtension.appex */;
			productType = "com.apple.product-type.app-extension";
		};
		436830122E9F172A0058C9C1 /* ScreenTimeRewards */ = {
			isa = PBXNativeTarget;
			buildConfigurationList = 4368303A2E9F172B0058C9C1 /* Build configuration list for PBXNativeTarget "ScreenTimeRewards" */;
			buildPhases = (
				4368300F2E9F172A0058C9C1 /* Sources */,
				436830102E9F172A0058C9C1 /* Frameworks */,
				436830112E9F172A0058C9C1 /* Resources */,
				43E0F0162EA0258700567890 /* Embed App Extensions */,
			);
			buildRules = (
			);
			dependencies = (
				432838692ED2977500B0EC3D /* PBXTargetDependency */,
			);
			fileSystemSynchronizedGroups = (
				436830152E9F172A0058C9C1 /* ScreenTimeRewards */,
			);
			name = ScreenTimeRewards;
			packageProductDependencies = (
			);
			productName = ScreenTimeRewards;
			productReference = 436830132E9F172A0058C9C1 /* ScreenTimeRewards.app */;
			productType = "com.apple.product-type.application";
		};
		436830262E9F172B0058C9C1 /* ScreenTimeRewardsTests */ = {
			isa = PBXNativeTarget;
			buildConfigurationList = 4368303F2E9F172B0058C9C1 /* Build configuration list for PBXNativeTarget "ScreenTimeRewardsTests" */;
			buildPhases = (
				436830232E9F172B0058C9C1 /* Sources */,
				436830242E9F172B0058C9C1 /* Frameworks */,
				436830252E9F172B0058C9C1 /* Resources */,
			);
			buildRules = (
			);
			dependencies = (
				436830292E9F172B0058C9C1 /* PBXTargetDependency */,
			);
			fileSystemSynchronizedGroups = (
				4368302A2E9F172B0058C9C1 /* ScreenTimeRewardsTests */,
			);
			name = ScreenTimeRewardsTests;
			packageProductDependencies = (
			);
			productName = ScreenTimeRewardsTests;
			productReference = 436830272E9F172B0058C9C1 /* ScreenTimeRewardsTests.xctest */;
			productType = "com.apple.product-type.bundle.unit-test";
		};
		436830302E9F172B0058C9C1 /* ScreenTimeRewardsUITests */ = {
			isa = PBXNativeTarget;
			buildConfigurationList = 436830422E9F172B0058C9C1 /* Build configuration list for PBXNativeTarget "ScreenTimeRewardsUITests" */;
			buildPhases = (
				4368302D2E9F172B0058C9C1 /* Sources */,
				4368302E2E9F172B0058C9C1 /* Frameworks */,
				4368302F2E9F172B0058C9C1 /* Resources */,
			);
			buildRules = (
			);
			dependencies = (
				436830332E9F172B0058C9C1 /* PBXTargetDependency */,
			);
			fileSystemSynchronizedGroups = (
				436830342E9F172B0058C9C1 /* ScreenTimeRewardsUITests */,
			);
			name = ScreenTimeRewardsUITests;
			packageProductDependencies = (
			);
			productName = ScreenTimeRewardsUITests;
			productReference = 436830312E9F172B0058C9C1 /* ScreenTimeRewardsUITests.xctest */;
			productType = "com.apple.product-type.bundle.ui-testing";
		};
		43E0F0112EA0258700567890 /* ScreenTimeActivityExtension */ = {
			isa = PBXNativeTarget;
			buildConfigurationList = 43E0F0142EA0258700567890 /* Build configuration list for PBXNativeTarget "ScreenTimeActivityExtension" */;
			buildPhases = (
				43E0F00E2EA0258700567890 /* Sources */,
				43E0F00F2EA0258700567890 /* Frameworks */,
				43E0F0102EA0258700567890 /* Resources */,
			);
			buildRules = (
			);
			dependencies = (
			);
			name = ScreenTimeActivityExtension;
			productName = ScreenTimeActivityExtension;
			productReference = 43E0F0072EA0258700567890 /* ScreenTimeActivityExtension.appex */;
			productType = "com.apple.product-type.app-extension";
		};
		43E1F0132F1A000100123450 /* ScreenTimeReportExtension */ = {
			isa = PBXNativeTarget;
			buildConfigurationList = 43E1F0322F1A000100123450 /* Build configuration list for PBXNativeTarget "ScreenTimeReportExtension" */;
			buildPhases = (
				43E1F0102F1A000100123450 /* Sources */,
				43E1F0112F1A000100123450 /* Frameworks */,
				43E1F0122F1A000100123450 /* Resources */,
			);
			buildRules = (
			);
			dependencies = (
			);
			name = ScreenTimeReportExtension;
			productName = ScreenTimeReportExtension;
			productReference = 43E1F0002F1A000100123450 /* ScreenTimeReportExtension.appex */;
			productType = "com.apple.product-type.app-extension";
		};
/* End PBXNativeTarget section */

/* Begin PBXProject section */
		4368300B2E9F172A0058C9C1 /* Project object */ = {
			isa = PBXProject;
			attributes = {
				BuildIndependentTargetsInParallel = 1;
				LastSwiftUpdateCheck = 2600;
				LastUpgradeCheck = 2600;
				TargetAttributes = {
					4328385F2ED2977500B0EC3D = {
						CreatedOnToolsVersion = 26.0.1;
					};
					436830122E9F172A0058C9C1 = {
						CreatedOnToolsVersion = 26.0.1;
					};
					436830262E9F172B0058C9C1 = {
						CreatedOnToolsVersion = 26.0.1;
						TestTargetID = 436830122E9F172A0058C9C1;
					};
					436830302E9F172B0058C9C1 = {
						CreatedOnToolsVersion = 26.0.1;
						TestTargetID = 436830122E9F172A0058C9C1;
					};
					43E0F0112EA0258700567890 = {
						CreatedOnToolsVersion = 26.0.1;
					};
					43E1F0132F1A000100123450 = {
						CreatedOnToolsVersion = 26.0.1;
					};
				};
			};
			buildConfigurationList = 4368300E2E9F172A0058C9C1 /* Build configuration list for PBXProject "ScreenTimeRewards" */;
			developmentRegion = en;
			hasScannedForEncodings = 0;
			knownRegions = (
				en,
				Base,
			);
			mainGroup = 4368300A2E9F172A0058C9C1;
			minimizedProjectReferenceProxies = 1;
			preferredProjectObjectVersion = 77;
			productRefGroup = 436830142E9F172A0058C9C1 /* Products */;
			projectDirPath = "";
			projectRoot = "";
			targets = (
				436830122E9F172A0058C9C1 /* ScreenTimeRewards */,
				436830262E9F172B0058C9C1 /* ScreenTimeRewardsTests */,
				436830302E9F172B0058C9C1 /* ScreenTimeRewardsUITests */,
				43E0F0112EA0258700567890 /* ScreenTimeActivityExtension */,
				43E1F0132F1A000100123450 /* ScreenTimeReportExtension */,
				4328385F2ED2977500B0EC3D /* ShieldConfigurationExtension */,
			);
		};
/* End PBXProject section */

/* Begin PBXResourcesBuildPhase section */
		4328385E2ED2977500B0EC3D /* Resources */ = {
			isa = PBXResourcesBuildPhase;
			buildActionMask = 2147483647;
			files = (
			);
			runOnlyForDeploymentPostprocessing = 0;
		};
		436830112E9F172A0058C9C1 /* Resources */ = {
			isa = PBXResourcesBuildPhase;
			buildActionMask = 2147483647;
			files = (
			);
			runOnlyForDeploymentPostprocessing = 0;
		};
		436830252E9F172B0058C9C1 /* Resources */ = {
			isa = PBXResourcesBuildPhase;
			buildActionMask = 2147483647;
			files = (
			);
			runOnlyForDeploymentPostprocessing = 0;
		};
		4368302F2E9F172B0058C9C1 /* Resources */ = {
			isa = PBXResourcesBuildPhase;
			buildActionMask = 2147483647;
			files = (
			);
			runOnlyForDeploymentPostprocessing = 0;
		};
		43E0F0102EA0258700567890 /* Resources */ = {
			isa = PBXResourcesBuildPhase;
			buildActionMask = 2147483647;
			files = (
			);
			runOnlyForDeploymentPostprocessing = 0;
		};
		43E1F0122F1A000100123450 /* Resources */ = {
			isa = PBXResourcesBuildPhase;
			buildActionMask = 2147483647;
			files = (
			);
			runOnlyForDeploymentPostprocessing = 0;
		};
/* End PBXResourcesBuildPhase section */

/* Begin PBXSourcesBuildPhase section */
		4328385C2ED2977500B0EC3D /* Sources */ = {
			isa = PBXSourcesBuildPhase;
			buildActionMask = 2147483647;
			files = (
			);
			runOnlyForDeploymentPostprocessing = 0;
		};
		4368300F2E9F172A0058C9C1 /* Sources */ = {
			isa = PBXSourcesBuildPhase;
			buildActionMask = 2147483647;
			files = (
			);
			runOnlyForDeploymentPostprocessing = 0;
		};
		436830232E9F172B0058C9C1 /* Sources */ = {
			isa = PBXSourcesBuildPhase;
			buildActionMask = 2147483647;
			files = (
			);
			runOnlyForDeploymentPostprocessing = 0;
		};
		4368302D2E9F172B0058C9C1 /* Sources */ = {
			isa = PBXSourcesBuildPhase;
			buildActionMask = 2147483647;
			files = (
			);
			runOnlyForDeploymentPostprocessing = 0;
		};
		43E0F00E2EA0258700567890 /* Sources */ = {
			isa = PBXSourcesBuildPhase;
			buildActionMask = 2147483647;
			files = (
				43E0F0082EA0258700567890 /* ScreenTimeActivityExtension/DeviceActivityMonitorExtension.swift in Sources */,
				43E0F0152EA0258700567890 /* ScreenTimeRewards/Shared/ScreenTimeNotifications.swift in Sources */,
			);
			runOnlyForDeploymentPostprocessing = 0;
		};
		43E1F0102F1A000100123450 /* Sources */ = {
			isa = PBXSourcesBuildPhase;
			buildActionMask = 2147483647;
			files = (
				43E1F0202F1A000100123450 /* ScreenTimeReportExtension/ScreenTimeReportExtension.swift in Sources */,
				43E1F0212F1A000100123450 /* ScreenTimeReportExtension/TotalActivityReport.swift in Sources */,
				43E1F0222F1A000100123450 /* ScreenTimeReportExtension/TotalActivityView.swift in Sources */,
			);
			runOnlyForDeploymentPostprocessing = 0;
		};
/* End PBXSourcesBuildPhase section */

/* Begin PBXTargetDependency section */
		432838692ED2977500B0EC3D /* PBXTargetDependency */ = {
			isa = PBXTargetDependency;
			target = 4328385F2ED2977500B0EC3D /* ShieldConfigurationExtension */;
			targetProxy = 432838682ED2977500B0EC3D /* PBXContainerItemProxy */;
		};
		436830292E9F172B0058C9C1 /* PBXTargetDependency */ = {
			isa = PBXTargetDependency;
			target = 436830122E9F172A0058C9C1 /* ScreenTimeRewards */;
			targetProxy = 436830282E9F172B0058C9C1 /* PBXContainerItemProxy */;
		};
		436830332E9F172B0058C9C1 /* PBXTargetDependency */ = {
			isa = PBXTargetDependency;
			target = 436830122E9F172A0058C9C1 /* ScreenTimeRewards */;
			targetProxy = 436830322E9F172B0058C9C1 /* PBXContainerItemProxy */;
		};
/* End PBXTargetDependency section */

/* Begin XCBuildConfiguration section */
		4328386B2ED2977500B0EC3D /* Debug */ = {
			isa = XCBuildConfiguration;
			buildSettings = {
				CODE_SIGN_ENTITLEMENTS = ShieldConfigurationExtension/ShieldConfigurationExtension.entitlements;
				CODE_SIGN_STYLE = Automatic;
				CURRENT_PROJECT_VERSION = 1;
				DEVELOPMENT_TEAM = KQ5KZR3DQ5;
				GENERATE_INFOPLIST_FILE = YES;
				INFOPLIST_FILE = ShieldConfigurationExtension/Info.plist;
				INFOPLIST_KEY_CFBundleDisplayName = ShieldConfigurationExtension;
				INFOPLIST_KEY_NSHumanReadableCopyright = "";
				IPHONEOS_DEPLOYMENT_TARGET = 26.0;
				LD_RUNPATH_SEARCH_PATHS = (
					"$(inherited)",
					"@executable_path/Frameworks",
					"@executable_path/../../Frameworks",
				);
				MARKETING_VERSION = 1.0;
				PRODUCT_BUNDLE_IDENTIFIER = i6dev.ScreenTimeRewards.ShieldConfigurationExtension;
				PRODUCT_NAME = "$(TARGET_NAME)";
				SKIP_INSTALL = YES;
				STRING_CATALOG_GENERATE_SYMBOLS = YES;
				SWIFT_APPROACHABLE_CONCURRENCY = YES;
				SWIFT_EMIT_LOC_STRINGS = YES;
				SWIFT_UPCOMING_FEATURE_MEMBER_IMPORT_VISIBILITY = YES;
				SWIFT_VERSION = 5.0;
				TARGETED_DEVICE_FAMILY = "1,2";
			};
			name = Debug;
		};
		4328386C2ED2977500B0EC3D /* Release */ = {
			isa = XCBuildConfiguration;
			buildSettings = {
				CODE_SIGN_ENTITLEMENTS = ShieldConfigurationExtension/ShieldConfigurationExtension.entitlements;
				CODE_SIGN_STYLE = Automatic;
				CURRENT_PROJECT_VERSION = 1;
				DEVELOPMENT_TEAM = KQ5KZR3DQ5;
				GENERATE_INFOPLIST_FILE = YES;
				INFOPLIST_FILE = ShieldConfigurationExtension/Info.plist;
				INFOPLIST_KEY_CFBundleDisplayName = ShieldConfigurationExtension;
				INFOPLIST_KEY_NSHumanReadableCopyright = "";
				IPHONEOS_DEPLOYMENT_TARGET = 26.0;
				LD_RUNPATH_SEARCH_PATHS = (
					"$(inherited)",
					"@executable_path/Frameworks",
					"@executable_path/../../Frameworks",
				);
				MARKETING_VERSION = 1.0;
				PRODUCT_BUNDLE_IDENTIFIER = i6dev.ScreenTimeRewards.ShieldConfigurationExtension;
				PRODUCT_NAME = "$(TARGET_NAME)";
				SKIP_INSTALL = YES;
				STRING_CATALOG_GENERATE_SYMBOLS = YES;
				SWIFT_APPROACHABLE_CONCURRENCY = YES;
				SWIFT_EMIT_LOC_STRINGS = YES;
				SWIFT_UPCOMING_FEATURE_MEMBER_IMPORT_VISIBILITY = YES;
				SWIFT_VERSION = 5.0;
				TARGETED_DEVICE_FAMILY = "1,2";
			};
			name = Release;
		};
		4368303B2E9F172B0058C9C1 /* Debug */ = {
			isa = XCBuildConfiguration;
			buildSettings = {
				ASSETCATALOG_COMPILER_APPICON_NAME = AppIcon;
				ASSETCATALOG_COMPILER_GLOBAL_ACCENT_COLOR_NAME = AccentColor;
				CODE_SIGN_ENTITLEMENTS = ScreenTimeRewards/ScreenTimeRewards.entitlements;
				CODE_SIGN_STYLE = Automatic;
				CURRENT_PROJECT_VERSION = 1;
				DEVELOPMENT_TEAM = KQ5KZR3DQ5;
				ENABLE_PREVIEWS = YES;
				GENERATE_INFOPLIST_FILE = YES;
				INFOPLIST_FILE = ScreenTimeRewards/Info.plist;
				INFOPLIST_KEY_LSApplicationCategoryType = "";
				INFOPLIST_KEY_UIApplicationSupportsIndirectInputEvents = YES;
				INFOPLIST_KEY_UIRequiredDeviceCapabilities = armv7;
				INFOPLIST_KEY_UISupportedInterfaceOrientations = "UIInterfaceOrientationPortrait UIInterfaceOrientationLandscapeLeft UIInterfaceOrientationLandscapeRight";
				INFOPLIST_KEY_UISupportedInterfaceOrientations_iPad = "UIInterfaceOrientationPortrait UIInterfaceOrientationPortraitUpsideDown UIInterfaceOrientationLandscapeLeft UIInterfaceOrientationLandscapeRight";
				INFOPLIST_KEY_UISupportedInterfaceOrientations_iPhone = "UIInterfaceOrientationPortrait UIInterfaceOrientationLandscapeLeft UIInterfaceOrientationLandscapeRight";
				IPHONEOS_DEPLOYMENT_TARGET = 16.6;
				LD_RUNPATH_SEARCH_PATHS = (
					"$(inherited)",
					"@executable_path/Frameworks",
				);
				MARKETING_VERSION = 1.0;
				PRODUCT_BUNDLE_IDENTIFIER = i6dev.ScreenTimeRewards;
				PRODUCT_NAME = "$(TARGET_NAME)";
				STRING_CATALOG_GENERATE_SYMBOLS = YES;
				SWIFT_APPROACHABLE_CONCURRENCY = YES;
				SWIFT_DEFAULT_ACTOR_ISOLATION = MainActor;
				SWIFT_EMIT_LOC_STRINGS = YES;
				SWIFT_UPCOMING_FEATURE_MEMBER_IMPORT_VISIBILITY = YES;
				SWIFT_VERSION = 5.0;
				TARGETED_DEVICE_FAMILY = "1,2";
			};
			name = Debug;
		};
		4368303C2E9F172B0058C9C1 /* Release */ = {
			isa = XCBuildConfiguration;
			buildSettings = {
				ASSETCATALOG_COMPILER_APPICON_NAME = AppIcon;
				ASSETCATALOG_COMPILER_GLOBAL_ACCENT_COLOR_NAME = AccentColor;
				CODE_SIGN_ENTITLEMENTS = ScreenTimeRewards/ScreenTimeRewards.entitlements;
				CODE_SIGN_STYLE = Automatic;
				CURRENT_PROJECT_VERSION = 1;
				DEVELOPMENT_TEAM = KQ5KZR3DQ5;
				ENABLE_PREVIEWS = YES;
				GENERATE_INFOPLIST_FILE = YES;
				INFOPLIST_FILE = ScreenTimeRewards/Info.plist;
				INFOPLIST_KEY_LSApplicationCategoryType = "";
				INFOPLIST_KEY_UIApplicationSupportsIndirectInputEvents = YES;
				INFOPLIST_KEY_UIRequiredDeviceCapabilities = armv7;
				INFOPLIST_KEY_UISupportedInterfaceOrientations = "UIInterfaceOrientationPortrait UIInterfaceOrientationLandscapeLeft UIInterfaceOrientationLandscapeRight";
				INFOPLIST_KEY_UISupportedInterfaceOrientations_iPad = "UIInterfaceOrientationPortrait UIInterfaceOrientationPortraitUpsideDown UIInterfaceOrientationLandscapeLeft UIInterfaceOrientationLandscapeRight";
				INFOPLIST_KEY_UISupportedInterfaceOrientations_iPhone = "UIInterfaceOrientationPortrait UIInterfaceOrientationLandscapeLeft UIInterfaceOrientationLandscapeRight";
				IPHONEOS_DEPLOYMENT_TARGET = 16.6;
				LD_RUNPATH_SEARCH_PATHS = (
					"$(inherited)",
					"@executable_path/Frameworks",
				);
				MARKETING_VERSION = 1.0;
				PRODUCT_BUNDLE_IDENTIFIER = i6dev.ScreenTimeRewards;
				PRODUCT_NAME = "$(TARGET_NAME)";
				STRING_CATALOG_GENERATE_SYMBOLS = YES;
				SWIFT_APPROACHABLE_CONCURRENCY = YES;
				SWIFT_DEFAULT_ACTOR_ISOLATION = MainActor;
				SWIFT_EMIT_LOC_STRINGS = YES;
				SWIFT_UPCOMING_FEATURE_MEMBER_IMPORT_VISIBILITY = YES;
				SWIFT_VERSION = 5.0;
				TARGETED_DEVICE_FAMILY = "1,2";
			};
			name = Release;
		};
		4368303D2E9F172B0058C9C1 /* Debug */ = {
			isa = XCBuildConfiguration;
			buildSettings = {
				ALWAYS_SEARCH_USER_PATHS = NO;
				ASSETCATALOG_COMPILER_APPICON_NAME = "";
				ASSETCATALOG_COMPILER_GENERATE_SWIFT_ASSET_SYMBOL_EXTENSIONS = YES;
				CLANG_ANALYZER_NONNULL = YES;
				CLANG_ANALYZER_NUMBER_OBJECT_CONVERSION = YES_AGGRESSIVE;
				CLANG_CXX_LANGUAGE_STANDARD = "gnu++20";
				CLANG_ENABLE_MODULES = YES;
				CLANG_ENABLE_OBJC_ARC = YES;
				CLANG_ENABLE_OBJC_WEAK = YES;
				CLANG_WARN_BLOCK_CAPTURE_AUTORELEASING = YES;
				CLANG_WARN_BOOL_CONVERSION = YES;
				CLANG_WARN_COMMA = YES;
				CLANG_WARN_CONSTANT_CONVERSION = YES;
				CLANG_WARN_DEPRECATED_OBJC_IMPLEMENTATIONS = YES;
				CLANG_WARN_DIRECT_OBJC_ISA_USAGE = YES_ERROR;
				CLANG_WARN_DOCUMENTATION_COMMENTS = YES;
				CLANG_WARN_EMPTY_BODY = YES;
				CLANG_WARN_ENUM_CONVERSION = YES;
				CLANG_WARN_INFINITE_RECURSION = YES;
				CLANG_WARN_INT_CONVERSION = YES;
				CLANG_WARN_NON_LITERAL_NULL_CONVERSION = YES;
				CLANG_WARN_OBJC_IMPLICIT_RETAIN_SELF = YES;
				CLANG_WARN_OBJC_LITERAL_CONVERSION = YES;
				CLANG_WARN_OBJC_ROOT_CLASS = YES_ERROR;
				CLANG_WARN_QUOTED_INCLUDE_IN_FRAMEWORK_HEADER = YES;
				CLANG_WARN_RANGE_LOOP_ANALYSIS = YES;
				CLANG_WARN_STRICT_PROTOTYPES = YES;
				CLANG_WARN_SUSPICIOUS_MOVE = YES;
				CLANG_WARN_UNGUARDED_AVAILABILITY = YES_AGGRESSIVE;
				CLANG_WARN_UNREACHABLE_CODE = YES;
				CLANG_WARN__DUPLICATE_METHOD_MATCH = YES;
				COPY_PHASE_STRIP = NO;
				DEBUG_INFORMATION_FORMAT = dwarf;
				DEVELOPMENT_TEAM = KQ5KZR3DQ5;
				ENABLE_STRICT_OBJC_MSGSEND = YES;
				ENABLE_TESTABILITY = YES;
				ENABLE_USER_SCRIPT_SANDBOXING = YES;
				GCC_C_LANGUAGE_STANDARD = gnu17;
				GCC_DYNAMIC_NO_PIC = NO;
				GCC_NO_COMMON_BLOCKS = YES;
				GCC_OPTIMIZATION_LEVEL = 0;
				GCC_PREPROCESSOR_DEFINITIONS = (
					"DEBUG=1",
					"$(inherited)",
				);
				GCC_WARN_64_TO_32_BIT_CONVERSION = YES;
				GCC_WARN_ABOUT_RETURN_TYPE = YES_ERROR;
				GCC_WARN_UNDECLARED_SELECTOR = YES;
				GCC_WARN_UNINITIALIZED_AUTOS = YES_AGGRESSIVE;
				GCC_WARN_UNUSED_FUNCTION = YES;
				GCC_WARN_UNUSED_VARIABLE = YES;
				IPHONEOS_DEPLOYMENT_TARGET = 16.6;
				LOCALIZATION_PREFERS_STRING_CATALOGS = YES;
				MTL_ENABLE_DEBUG_INFO = INCLUDE_SOURCE;
				MTL_FAST_MATH = YES;
				ONLY_ACTIVE_ARCH = YES;
				SDKROOT = iphoneos;
				SWIFT_ACTIVE_COMPILATION_CONDITIONS = "DEBUG $(inherited)";
				SWIFT_OPTIMIZATION_LEVEL = "-Onone";
			};
			name = Debug;
		};
		4368303E2E9F172B0058C9C1 /* Release */ = {
			isa = XCBuildConfiguration;
			buildSettings = {
				ALWAYS_SEARCH_USER_PATHS = NO;
				ASSETCATALOG_COMPILER_APPICON_NAME = "";
				"ASSETCATALOG_COMPILER_APPICON_NAME[sdk=*]" = "";
				ASSETCATALOG_COMPILER_GENERATE_SWIFT_ASSET_SYMBOL_EXTENSIONS = YES;
				CLANG_ANALYZER_NONNULL = YES;
				CLANG_ANALYZER_NUMBER_OBJECT_CONVERSION = YES_AGGRESSIVE;
				CLANG_CXX_LANGUAGE_STANDARD = "gnu++20";
				CLANG_ENABLE_MODULES = YES;
				CLANG_ENABLE_OBJC_ARC = YES;
				CLANG_ENABLE_OBJC_WEAK = YES;
				CLANG_WARN_BLOCK_CAPTURE_AUTORELEASING = YES;
				CLANG_WARN_BOOL_CONVERSION = YES;
				CLANG_WARN_COMMA = YES;
				CLANG_WARN_CONSTANT_CONVERSION = YES;
				CLANG_WARN_DEPRECATED_OBJC_IMPLEMENTATIONS = YES;
				CLANG_WARN_DIRECT_OBJC_ISA_USAGE = YES_ERROR;
				CLANG_WARN_DOCUMENTATION_COMMENTS = YES;
				CLANG_WARN_EMPTY_BODY = YES;
				CLANG_WARN_ENUM_CONVERSION = YES;
				CLANG_WARN_INFINITE_RECURSION = YES;
				CLANG_WARN_INT_CONVERSION = YES;
				CLANG_WARN_NON_LITERAL_NULL_CONVERSION = YES;
				CLANG_WARN_OBJC_IMPLICIT_RETAIN_SELF = YES;
				CLANG_WARN_OBJC_LITERAL_CONVERSION = YES;
				CLANG_WARN_OBJC_ROOT_CLASS = YES_ERROR;
				CLANG_WARN_QUOTED_INCLUDE_IN_FRAMEWORK_HEADER = YES;
				CLANG_WARN_RANGE_LOOP_ANALYSIS = YES;
				CLANG_WARN_STRICT_PROTOTYPES = YES;
				CLANG_WARN_SUSPICIOUS_MOVE = YES;
				CLANG_WARN_UNGUARDED_AVAILABILITY = YES_AGGRESSIVE;
				CLANG_WARN_UNREACHABLE_CODE = YES;
				CLANG_WARN__DUPLICATE_METHOD_MATCH = YES;
				COPY_PHASE_STRIP = NO;
				DEBUG_INFORMATION_FORMAT = "dwarf-with-dsym";
				DEVELOPMENT_TEAM = KQ5KZR3DQ5;
				ENABLE_NS_ASSERTIONS = NO;
				ENABLE_STRICT_OBJC_MSGSEND = YES;
				ENABLE_USER_SCRIPT_SANDBOXING = YES;
				GCC_C_LANGUAGE_STANDARD = gnu17;
				GCC_NO_COMMON_BLOCKS = YES;
				GCC_WARN_64_TO_32_BIT_CONVERSION = YES;
				GCC_WARN_ABOUT_RETURN_TYPE = YES_ERROR;
				GCC_WARN_UNDECLARED_SELECTOR = YES;
				GCC_WARN_UNINITIALIZED_AUTOS = YES_AGGRESSIVE;
				GCC_WARN_UNUSED_FUNCTION = YES;
				GCC_WARN_UNUSED_VARIABLE = YES;
				IPHONEOS_DEPLOYMENT_TARGET = 16.6;
				LOCALIZATION_PREFERS_STRING_CATALOGS = YES;
				MTL_ENABLE_DEBUG_INFO = NO;
				MTL_FAST_MATH = YES;
				SDKROOT = iphoneos;
				SWIFT_COMPILATION_MODE = wholemodule;
				VALIDATE_PRODUCT = YES;
			};
			name = Release;
		};
		436830402E9F172B0058C9C1 /* Debug */ = {
			isa = XCBuildConfiguration;
			buildSettings = {
				BUNDLE_LOADER = "$(TEST_HOST)";
				CODE_SIGN_STYLE = Automatic;
				CURRENT_PROJECT_VERSION = 1;
				DEVELOPMENT_TEAM = KQ5KZR3DQ5;
				GENERATE_INFOPLIST_FILE = YES;
				IPHONEOS_DEPLOYMENT_TARGET = 16.6;
				MARKETING_VERSION = 1.0;
				PRODUCT_BUNDLE_IDENTIFIER = i6dev.ScreenTimeRewardsTests;
				PRODUCT_NAME = "$(TARGET_NAME)";
				STRING_CATALOG_GENERATE_SYMBOLS = NO;
				SWIFT_APPROACHABLE_CONCURRENCY = YES;
				SWIFT_EMIT_LOC_STRINGS = NO;
				SWIFT_UPCOMING_FEATURE_MEMBER_IMPORT_VISIBILITY = YES;
				SWIFT_VERSION = 5.0;
				TARGETED_DEVICE_FAMILY = "1,2";
				TEST_HOST = "$(BUILT_PRODUCTS_DIR)/ScreenTimeRewards.app/$(BUNDLE_EXECUTABLE_FOLDER_PATH)/ScreenTimeRewards";
			};
			name = Debug;
		};
		436830412E9F172B0058C9C1 /* Release */ = {
			isa = XCBuildConfiguration;
			buildSettings = {
				BUNDLE_LOADER = "$(TEST_HOST)";
				CODE_SIGN_STYLE = Automatic;
				CURRENT_PROJECT_VERSION = 1;
				DEVELOPMENT_TEAM = KQ5KZR3DQ5;
				GENERATE_INFOPLIST_FILE = YES;
				IPHONEOS_DEPLOYMENT_TARGET = 16.6;
				MARKETING_VERSION = 1.0;
				PRODUCT_BUNDLE_IDENTIFIER = i6dev.ScreenTimeRewardsTests;
				PRODUCT_NAME = "$(TARGET_NAME)";
				STRING_CATALOG_GENERATE_SYMBOLS = NO;
				SWIFT_APPROACHABLE_CONCURRENCY = YES;
				SWIFT_EMIT_LOC_STRINGS = NO;
				SWIFT_UPCOMING_FEATURE_MEMBER_IMPORT_VISIBILITY = YES;
				SWIFT_VERSION = 5.0;
				TARGETED_DEVICE_FAMILY = "1,2";
				TEST_HOST = "$(BUILT_PRODUCTS_DIR)/ScreenTimeRewards.app/$(BUNDLE_EXECUTABLE_FOLDER_PATH)/ScreenTimeRewards";
			};
			name = Release;
		};
		436830432E9F172B0058C9C1 /* Debug */ = {
			isa = XCBuildConfiguration;
			buildSettings = {
				CODE_SIGN_STYLE = Automatic;
				CURRENT_PROJECT_VERSION = 1;
				DEVELOPMENT_TEAM = KQ5KZR3DQ5;
				GENERATE_INFOPLIST_FILE = YES;
				IPHONEOS_DEPLOYMENT_TARGET = 16.6;
				MARKETING_VERSION = 1.0;
				PRODUCT_BUNDLE_IDENTIFIER = i6dev.ScreenTimeRewardsUITests;
				PRODUCT_NAME = "$(TARGET_NAME)";
				STRING_CATALOG_GENERATE_SYMBOLS = NO;
				SWIFT_APPROACHABLE_CONCURRENCY = YES;
				SWIFT_EMIT_LOC_STRINGS = NO;
				SWIFT_UPCOMING_FEATURE_MEMBER_IMPORT_VISIBILITY = YES;
				SWIFT_VERSION = 5.0;
				TARGETED_DEVICE_FAMILY = "1,2";
				TEST_TARGET_NAME = ScreenTimeRewards;
			};
			name = Debug;
		};
		436830442E9F172B0058C9C1 /* Release */ = {
			isa = XCBuildConfiguration;
			buildSettings = {
				CODE_SIGN_STYLE = Automatic;
				CURRENT_PROJECT_VERSION = 1;
				DEVELOPMENT_TEAM = KQ5KZR3DQ5;
				GENERATE_INFOPLIST_FILE = YES;
				IPHONEOS_DEPLOYMENT_TARGET = 16.6;
				MARKETING_VERSION = 1.0;
				PRODUCT_BUNDLE_IDENTIFIER = i6dev.ScreenTimeRewardsUITests;
				PRODUCT_NAME = "$(TARGET_NAME)";
				STRING_CATALOG_GENERATE_SYMBOLS = NO;
				SWIFT_APPROACHABLE_CONCURRENCY = YES;
				SWIFT_EMIT_LOC_STRINGS = NO;
				SWIFT_UPCOMING_FEATURE_MEMBER_IMPORT_VISIBILITY = YES;
				SWIFT_VERSION = 5.0;
				TARGETED_DEVICE_FAMILY = "1,2";
				TEST_TARGET_NAME = ScreenTimeRewards;
			};
			name = Release;
		};
		43E0F0122EA0258700567890 /* Debug */ = {
			isa = XCBuildConfiguration;
			buildSettings = {
				CODE_SIGN_ENTITLEMENTS = ScreenTimeActivityExtension/ScreenTimeActivityExtension.entitlements;
				CODE_SIGN_STYLE = Automatic;
				CURRENT_PROJECT_VERSION = 1;
				DEVELOPMENT_TEAM = KQ5KZR3DQ5;
				INFOPLIST_FILE = ScreenTimeActivityExtension/Info.plist;
				IPHONEOS_DEPLOYMENT_TARGET = 16.6;
				LD_RUNPATH_SEARCH_PATHS = (
					"$(inherited)",
					"@executable_path/Frameworks",
					"@executable_path/../../Frameworks",
				);
				PRODUCT_BUNDLE_IDENTIFIER = i6dev.ScreenTimeRewards.ScreenTimeActivityExtension;
				PRODUCT_NAME = "$(TARGET_NAME)";
				SKIP_INSTALL = NO;
				SWIFT_DEFAULT_ACTOR_ISOLATION = MainActor;
				SWIFT_VERSION = 5.0;
				TARGETED_DEVICE_FAMILY = "1,2";
			};
			name = Debug;
		};
		43E0F0132EA0258700567890 /* Release */ = {
			isa = XCBuildConfiguration;
			buildSettings = {
				CODE_SIGN_ENTITLEMENTS = ScreenTimeActivityExtension/ScreenTimeActivityExtension.entitlements;
				CODE_SIGN_STYLE = Automatic;
				CURRENT_PROJECT_VERSION = 1;
				DEVELOPMENT_TEAM = KQ5KZR3DQ5;
				INFOPLIST_FILE = ScreenTimeActivityExtension/Info.plist;
				IPHONEOS_DEPLOYMENT_TARGET = 16.6;
				LD_RUNPATH_SEARCH_PATHS = (
					"$(inherited)",
					"@executable_path/Frameworks",
					"@executable_path/../../Frameworks",
				);
				PRODUCT_BUNDLE_IDENTIFIER = i6dev.ScreenTimeRewards.ScreenTimeActivityExtension;
				PRODUCT_NAME = "$(TARGET_NAME)";
				SKIP_INSTALL = NO;
				SWIFT_DEFAULT_ACTOR_ISOLATION = MainActor;
				SWIFT_VERSION = 5.0;
				TARGETED_DEVICE_FAMILY = "1,2";
			};
			name = Release;
		};
		43E1F0302F1A000100123450 /* Debug */ = {
			isa = XCBuildConfiguration;
			buildSettings = {
				CODE_SIGN_ENTITLEMENTS = ScreenTimeReportExtension/ScreenTimeReportExtension.entitlements;
				CODE_SIGN_STYLE = Automatic;
				CURRENT_PROJECT_VERSION = 1;
				DEVELOPMENT_TEAM = KQ5KZR3DQ5;
				INFOPLIST_FILE = ScreenTimeReportExtension/Info.plist;
				IPHONEOS_DEPLOYMENT_TARGET = 16.6;
				LD_RUNPATH_SEARCH_PATHS = (
					"$(inherited)",
					"@executable_path/Frameworks",
					"@executable_path/../../Frameworks",
				);
				PRODUCT_BUNDLE_IDENTIFIER = i6dev.ScreenTimeRewards.ScreenTimeReportExtension;
				PRODUCT_NAME = "$(TARGET_NAME)";
				SKIP_INSTALL = NO;
				SWIFT_DEFAULT_ACTOR_ISOLATION = MainActor;
				SWIFT_VERSION = 5.0;
				TARGETED_DEVICE_FAMILY = "1,2";
			};
			name = Debug;
		};
		43E1F0312F1A000100123450 /* Release */ = {
			isa = XCBuildConfiguration;
			buildSettings = {
				CODE_SIGN_ENTITLEMENTS = ScreenTimeReportExtension/ScreenTimeReportExtension.entitlements;
				CODE_SIGN_STYLE = Automatic;
				CURRENT_PROJECT_VERSION = 1;
				DEVELOPMENT_TEAM = KQ5KZR3DQ5;
				INFOPLIST_FILE = ScreenTimeReportExtension/Info.plist;
				IPHONEOS_DEPLOYMENT_TARGET = 16.6;
				LD_RUNPATH_SEARCH_PATHS = (
					"$(inherited)",
					"@executable_path/Frameworks",
					"@executable_path/../../Frameworks",
				);
				PRODUCT_BUNDLE_IDENTIFIER = i6dev.ScreenTimeRewards.ScreenTimeReportExtension;
				PRODUCT_NAME = "$(TARGET_NAME)";
				SKIP_INSTALL = NO;
				SWIFT_DEFAULT_ACTOR_ISOLATION = MainActor;
				SWIFT_VERSION = 5.0;
				TARGETED_DEVICE_FAMILY = "1,2";
			};
			name = Release;
		};
/* End XCBuildConfiguration section */

/* Begin XCConfigurationList section */
		4328386D2ED2977500B0EC3D /* Build configuration list for PBXNativeTarget "ShieldConfigurationExtension" */ = {
			isa = XCConfigurationList;
			buildConfigurations = (
				4328386B2ED2977500B0EC3D /* Debug */,
				4328386C2ED2977500B0EC3D /* Release */,
			);
			defaultConfigurationIsVisible = 0;
			defaultConfigurationName = Release;
		};
		4368300E2E9F172A0058C9C1 /* Build configuration list for PBXProject "ScreenTimeRewards" */ = {
			isa = XCConfigurationList;
			buildConfigurations = (
				4368303D2E9F172B0058C9C1 /* Debug */,
				4368303E2E9F172B0058C9C1 /* Release */,
			);
			defaultConfigurationIsVisible = 0;
			defaultConfigurationName = Release;
		};
		4368303A2E9F172B0058C9C1 /* Build configuration list for PBXNativeTarget "ScreenTimeRewards" */ = {
			isa = XCConfigurationList;
			buildConfigurations = (
				4368303B2E9F172B0058C9C1 /* Debug */,
				4368303C2E9F172B0058C9C1 /* Release */,
			);
			defaultConfigurationIsVisible = 0;
			defaultConfigurationName = Release;
		};
		4368303F2E9F172B0058C9C1 /* Build configuration list for PBXNativeTarget "ScreenTimeRewardsTests" */ = {
			isa = XCConfigurationList;
			buildConfigurations = (
				436830402E9F172B0058C9C1 /* Debug */,
				436830412E9F172B0058C9C1 /* Release */,
			);
			defaultConfigurationIsVisible = 0;
			defaultConfigurationName = Release;
		};
		436830422E9F172B0058C9C1 /* Build configuration list for PBXNativeTarget "ScreenTimeRewardsUITests" */ = {
			isa = XCConfigurationList;
			buildConfigurations = (
				436830432E9F172B0058C9C1 /* Debug */,
				436830442E9F172B0058C9C1 /* Release */,
			);
			defaultConfigurationIsVisible = 0;
			defaultConfigurationName = Release;
		};
		43E0F0142EA0258700567890 /* Build configuration list for PBXNativeTarget "ScreenTimeActivityExtension" */ = {
			isa = XCConfigurationList;
			buildConfigurations = (
				43E0F0122EA0258700567890 /* Debug */,
				43E0F0132EA0258700567890 /* Release */,
			);
			defaultConfigurationIsVisible = 0;
			defaultConfigurationName = Release;
		};
		43E1F0322F1A000100123450 /* Build configuration list for PBXNativeTarget "ScreenTimeReportExtension" */ = {
			isa = XCConfigurationList;
			buildConfigurations = (
				43E1F0302F1A000100123450 /* Debug */,
				43E1F0312F1A000100123450 /* Release */,
			);
			defaultConfigurationIsVisible = 0;
			defaultConfigurationName = Release;
		};
/* End XCConfigurationList section */
	};
	rootObject = 4368300B2E9F172A0058C9C1 /* Project object */;
}
